// !$*UTF8*$!
{
	archiveVersion = 1;
	classes = {
	};
	objectVersion = 55;
	objects = {

/* Begin PBXBuildFile section */
		3A1F505A283D1BE000581D06 /* HomeContent.swift in Sources */ = {isa = PBXBuildFile; fileRef = 3A1F5059283D1BE000581D06 /* HomeContent.swift */; };
		3A826F8B283BFE2700081831 /* HomeFullscreenRow.swift in Sources */ = {isa = PBXBuildFile; fileRef = 3A826F8A283BFE2700081831 /* HomeFullscreenRow.swift */; };
		3A826F93283C0DC500081831 /* Home.swift in Sources */ = {isa = PBXBuildFile; fileRef = 3A826F92283C0DC500081831 /* Home.swift */; };
		3A84FFB227DCAF46006DB613 /* tvOSApp.swift in Sources */ = {isa = PBXBuildFile; fileRef = 3A84FFB127DCAF46006DB613 /* tvOSApp.swift */; };
		3A84FFB427DCAF46006DB613 /* ContentView.swift in Sources */ = {isa = PBXBuildFile; fileRef = 3A84FFB327DCAF46006DB613 /* ContentView.swift */; };
		3A84FFD627DCAF6C006DB613 /* iOSApp.swift in Sources */ = {isa = PBXBuildFile; fileRef = 3A84FFD527DCAF6C006DB613 /* iOSApp.swift */; };
		3A84FFD827DCAF6C006DB613 /* ContentView.swift in Sources */ = {isa = PBXBuildFile; fileRef = 3A84FFD727DCAF6C006DB613 /* ContentView.swift */; };
		3AA979F227DCB11500E17440 /* Assets.xcassets in Resources */ = {isa = PBXBuildFile; fileRef = 3A84FFB527DCAF48006DB613 /* Assets.xcassets */; };
		3AA979FB27DCB18800E17440 /* Assets.xcassets in Resources */ = {isa = PBXBuildFile; fileRef = 3A84FFB527DCAF48006DB613 /* Assets.xcassets */; };
		3AB9AF3B27DCB62F00E3314E /* SwiftUIX in Frameworks */ = {isa = PBXBuildFile; productRef = 3AB9AF3A27DCB62F00E3314E /* SwiftUIX */; };
		3AB9AF4127DCB97700E3314E /* SwiftUIX in Frameworks */ = {isa = PBXBuildFile; productRef = 3AB9AF4027DCB97700E3314E /* SwiftUIX */; };
/* End PBXBuildFile section */

/* Begin PBXFileReference section */
		3A1F5059283D1BE000581D06 /* HomeContent.swift */ = {isa = PBXFileReference; lastKnownFileType = sourcecode.swift; path = HomeContent.swift; sourceTree = "<group>"; };
		3A826F8A283BFE2700081831 /* HomeFullscreenRow.swift */ = {isa = PBXFileReference; lastKnownFileType = sourcecode.swift; path = HomeFullscreenRow.swift; sourceTree = "<group>"; };
		3A826F92283C0DC500081831 /* Home.swift */ = {isa = PBXFileReference; lastKnownFileType = sourcecode.swift; path = Home.swift; sourceTree = "<group>"; };
		3A84FFAF27DCAF46006DB613 /* tvOS.app */ = {isa = PBXFileReference; explicitFileType = wrapper.application; includeInIndex = 0; path = tvOS.app; sourceTree = BUILT_PRODUCTS_DIR; };
		3A84FFB127DCAF46006DB613 /* tvOSApp.swift */ = {isa = PBXFileReference; lastKnownFileType = sourcecode.swift; path = tvOSApp.swift; sourceTree = "<group>"; };
		3A84FFB327DCAF46006DB613 /* ContentView.swift */ = {isa = PBXFileReference; lastKnownFileType = sourcecode.swift; path = ContentView.swift; sourceTree = "<group>"; };
		3A84FFB527DCAF48006DB613 /* Assets.xcassets */ = {isa = PBXFileReference; lastKnownFileType = folder.assetcatalog; path = Assets.xcassets; sourceTree = "<group>"; };
		3A84FFD327DCAF6C006DB613 /* iOS.app */ = {isa = PBXFileReference; explicitFileType = wrapper.application; includeInIndex = 0; path = iOS.app; sourceTree = BUILT_PRODUCTS_DIR; };
		3A84FFD527DCAF6C006DB613 /* iOSApp.swift */ = {isa = PBXFileReference; lastKnownFileType = sourcecode.swift; path = iOSApp.swift; sourceTree = "<group>"; };
		3A84FFD727DCAF6C006DB613 /* ContentView.swift */ = {isa = PBXFileReference; lastKnownFileType = sourcecode.swift; path = ContentView.swift; sourceTree = "<group>"; };
/* End PBXFileReference section */

/* Begin PBXFrameworksBuildPhase section */
		3A84FFAC27DCAF46006DB613 /* Frameworks */ = {
			isa = PBXFrameworksBuildPhase;
			buildActionMask = 2147483647;
			files = (
				3AB9AF3B27DCB62F00E3314E /* SwiftUIX in Frameworks */,
			);
			runOnlyForDeploymentPostprocessing = 0;
		};
		3A84FFD027DCAF6C006DB613 /* Frameworks */ = {
			isa = PBXFrameworksBuildPhase;
			buildActionMask = 2147483647;
			files = (
				3AB9AF4127DCB97700E3314E /* SwiftUIX in Frameworks */,
			);
			runOnlyForDeploymentPostprocessing = 0;
		};
/* End PBXFrameworksBuildPhase section */

/* Begin PBXGroup section */
		3A1F505B283D1BE500581D06 /* Home */ = {
			isa = PBXGroup;
			children = (
				3A826F8A283BFE2700081831 /* HomeFullscreenRow.swift */,
				3A826F92283C0DC500081831 /* Home.swift */,
				3A1F5059283D1BE000581D06 /* HomeContent.swift */,
			);
			path = Home;
			sourceTree = "<group>";
		};
		3A5234D727DA686C00C8CD76 = {
			isa = PBXGroup;
			children = (
				3A84FFB527DCAF48006DB613 /* Assets.xcassets */,
				3A84FFB027DCAF46006DB613 /* tvOS */,
				3A84FFD427DCAF6C006DB613 /* iOS */,
				3A5234E127DA686C00C8CD76 /* Products */,
				3AB9AF3F27DCB97700E3314E /* Frameworks */,
			);
			sourceTree = "<group>";
		};
		3A5234E127DA686C00C8CD76 /* Products */ = {
			isa = PBXGroup;
			children = (
				3A84FFAF27DCAF46006DB613 /* tvOS.app */,
				3A84FFD327DCAF6C006DB613 /* iOS.app */,
			);
			name = Products;
			sourceTree = "<group>";
		};
		3A826F87283BFDF800081831 /* Views */ = {
			isa = PBXGroup;
			children = (
				3A1F505B283D1BE500581D06 /* Home */,
			);
			path = Views;
			sourceTree = "<group>";
		};
		3A84FFB027DCAF46006DB613 /* tvOS */ = {
			isa = PBXGroup;
			children = (
				3A826F87283BFDF800081831 /* Views */,
				3A84FFB127DCAF46006DB613 /* tvOSApp.swift */,
				3A84FFB327DCAF46006DB613 /* ContentView.swift */,
			);
			path = tvOS;
			sourceTree = "<group>";
		};
		3A84FFD427DCAF6C006DB613 /* iOS */ = {
			isa = PBXGroup;
			children = (
				3A84FFD527DCAF6C006DB613 /* iOSApp.swift */,
				3A84FFD727DCAF6C006DB613 /* ContentView.swift */,
			);
			path = iOS;
			sourceTree = "<group>";
		};
		3AB9AF3F27DCB97700E3314E /* Frameworks */ = {
			isa = PBXGroup;
			children = (
			);
			name = Frameworks;
			sourceTree = "<group>";
		};
/* End PBXGroup section */

/* Begin PBXNativeTarget section */
		3A84FFAE27DCAF46006DB613 /* tvOS */ = {
			isa = PBXNativeTarget;
			buildConfigurationList = 3A84FFBA27DCAF48006DB613 /* Build configuration list for PBXNativeTarget "tvOS" */;
			buildPhases = (
				3A84FFAB27DCAF46006DB613 /* Sources */,
				3A84FFAC27DCAF46006DB613 /* Frameworks */,
				3A84FFAD27DCAF46006DB613 /* Resources */,
			);
			buildRules = (
			);
			dependencies = (
			);
			name = tvOS;
			packageProductDependencies = (
				3AB9AF3A27DCB62F00E3314E /* SwiftUIX */,
			);
			productName = tvOS;
			productReference = 3A84FFAF27DCAF46006DB613 /* tvOS.app */;
			productType = "com.apple.product-type.application";
		};
		3A84FFD227DCAF6C006DB613 /* iOS */ = {
			isa = PBXNativeTarget;
			buildConfigurationList = 3A84FFDE27DCAF6E006DB613 /* Build configuration list for PBXNativeTarget "iOS" */;
			buildPhases = (
				3A84FFCF27DCAF6C006DB613 /* Sources */,
				3A84FFD027DCAF6C006DB613 /* Frameworks */,
				3A84FFD127DCAF6C006DB613 /* Resources */,
			);
			buildRules = (
			);
			dependencies = (
			);
			name = iOS;
			packageProductDependencies = (
				3AB9AF4027DCB97700E3314E /* SwiftUIX */,
			);
			productName = iOS;
			productReference = 3A84FFD327DCAF6C006DB613 /* iOS.app */;
			productType = "com.apple.product-type.application";
		};
/* End PBXNativeTarget section */

/* Begin PBXProject section */
		3A5234D827DA686C00C8CD76 /* Project object */ = {
			isa = PBXProject;
			attributes = {
				BuildIndependentTargetsInParallel = 1;
				LastSwiftUpdateCheck = 1320;
				LastUpgradeCheck = 1320;
				TargetAttributes = {
					3A84FFAE27DCAF46006DB613 = {
						CreatedOnToolsVersion = 13.2.1;
					};
					3A84FFD227DCAF6C006DB613 = {
						CreatedOnToolsVersion = 13.2.1;
					};
				};
			};
			buildConfigurationList = 3A5234DB27DA686C00C8CD76 /* Build configuration list for PBXProject "test" */;
			compatibilityVersion = "Xcode 13.0";
			developmentRegion = en;
			hasScannedForEncodings = 0;
			knownRegions = (
				en,
				Base,
			);
			mainGroup = 3A5234D727DA686C00C8CD76;
			packageReferences = (
				3AB9AF3927DCB62F00E3314E /* XCRemoteSwiftPackageReference "SwiftUIX" */,
			);
			productRefGroup = 3A5234E127DA686C00C8CD76 /* Products */;
			projectDirPath = "";
			projectRoot = "";
			targets = (
				3A84FFAE27DCAF46006DB613 /* tvOS */,
				3A84FFD227DCAF6C006DB613 /* iOS */,
			);
		};
/* End PBXProject section */

/* Begin PBXResourcesBuildPhase section */
		3A84FFAD27DCAF46006DB613 /* Resources */ = {
			isa = PBXResourcesBuildPhase;
			buildActionMask = 2147483647;
			files = (
				3AA979FB27DCB18800E17440 /* Assets.xcassets in Resources */,
			);
			runOnlyForDeploymentPostprocessing = 0;
		};
		3A84FFD127DCAF6C006DB613 /* Resources */ = {
			isa = PBXResourcesBuildPhase;
			buildActionMask = 2147483647;
			files = (
				3AA979F227DCB11500E17440 /* Assets.xcassets in Resources */,
			);
			runOnlyForDeploymentPostprocessing = 0;
		};
/* End PBXResourcesBuildPhase section */

/* Begin PBXSourcesBuildPhase section */
		3A84FFAB27DCAF46006DB613 /* Sources */ = {
			isa = PBXSourcesBuildPhase;
			buildActionMask = 2147483647;
			files = (
				3A826F8B283BFE2700081831 /* HomeFullscreenRow.swift in Sources */,
				3A84FFB427DCAF46006DB613 /* ContentView.swift in Sources */,
				3A826F93283C0DC500081831 /* Home.swift in Sources */,
				3A84FFB227DCAF46006DB613 /* tvOSApp.swift in Sources */,
				3A1F505A283D1BE000581D06 /* HomeContent.swift in Sources */,
			);
			runOnlyForDeploymentPostprocessing = 0;
		};
		3A84FFCF27DCAF6C006DB613 /* Sources */ = {
			isa = PBXSourcesBuildPhase;
			buildActionMask = 2147483647;
			files = (
				3A84FFD827DCAF6C006DB613 /* ContentView.swift in Sources */,
				3A84FFD627DCAF6C006DB613 /* iOSApp.swift in Sources */,
			);
			runOnlyForDeploymentPostprocessing = 0;
		};
/* End PBXSourcesBuildPhase section */

/* Begin XCBuildConfiguration section */
		3A52350227DA686D00C8CD76 /* Debug */ = {
			isa = XCBuildConfiguration;
			buildSettings = {
				ALWAYS_SEARCH_USER_PATHS = NO;
				CLANG_ANALYZER_NONNULL = YES;
				CLANG_ANALYZER_NUMBER_OBJECT_CONVERSION = YES_AGGRESSIVE;
				CLANG_CXX_LANGUAGE_STANDARD = "gnu++17";
				CLANG_CXX_LIBRARY = "libc++";
				CLANG_ENABLE_MODULES = YES;
				CLANG_ENABLE_OBJC_ARC = YES;
				CLANG_ENABLE_OBJC_WEAK = YES;
				CLANG_WARN_BLOCK_CAPTURE_AUTORELEASING = YES;
				CLANG_WARN_BOOL_CONVERSION = YES;
				CLANG_WARN_COMMA = YES;
				CLANG_WARN_CONSTANT_CONVERSION = YES;
				CLANG_WARN_DEPRECATED_OBJC_IMPLEMENTATIONS = YES;
				CLANG_WARN_DIRECT_OBJC_ISA_USAGE = YES_ERROR;
				CLANG_WARN_DOCUMENTATION_COMMENTS = YES;
				CLANG_WARN_EMPTY_BODY = YES;
				CLANG_WARN_ENUM_CONVERSION = YES;
				CLANG_WARN_INFINITE_RECURSION = YES;
				CLANG_WARN_INT_CONVERSION = YES;
				CLANG_WARN_NON_LITERAL_NULL_CONVERSION = YES;
				CLANG_WARN_OBJC_IMPLICIT_RETAIN_SELF = YES;
				CLANG_WARN_OBJC_LITERAL_CONVERSION = YES;
				CLANG_WARN_OBJC_ROOT_CLASS = YES_ERROR;
				CLANG_WARN_QUOTED_INCLUDE_IN_FRAMEWORK_HEADER = YES;
				CLANG_WARN_RANGE_LOOP_ANALYSIS = YES;
				CLANG_WARN_STRICT_PROTOTYPES = YES;
				CLANG_WARN_SUSPICIOUS_MOVE = YES;
				CLANG_WARN_UNGUARDED_AVAILABILITY = YES_AGGRESSIVE;
				CLANG_WARN_UNREACHABLE_CODE = YES;
				CLANG_WARN__DUPLICATE_METHOD_MATCH = YES;
				COPY_PHASE_STRIP = NO;
				DEBUG_INFORMATION_FORMAT = dwarf;
				ENABLE_STRICT_OBJC_MSGSEND = YES;
				ENABLE_TESTABILITY = YES;
				GCC_C_LANGUAGE_STANDARD = gnu11;
				GCC_DYNAMIC_NO_PIC = NO;
				GCC_NO_COMMON_BLOCKS = YES;
				GCC_OPTIMIZATION_LEVEL = 0;
				GCC_PREPROCESSOR_DEFINITIONS = (
					"DEBUG=1",
					"$(inherited)",
				);
				GCC_WARN_64_TO_32_BIT_CONVERSION = YES;
				GCC_WARN_ABOUT_RETURN_TYPE = YES_ERROR;
				GCC_WARN_UNDECLARED_SELECTOR = YES;
				GCC_WARN_UNINITIALIZED_AUTOS = YES_AGGRESSIVE;
				GCC_WARN_UNUSED_FUNCTION = YES;
				GCC_WARN_UNUSED_VARIABLE = YES;
				MTL_ENABLE_DEBUG_INFO = INCLUDE_SOURCE;
				MTL_FAST_MATH = YES;
				ONLY_ACTIVE_ARCH = YES;
				SDKROOT = appletvos;
				SWIFT_ACTIVE_COMPILATION_CONDITIONS = DEBUG;
				SWIFT_OPTIMIZATION_LEVEL = "-Onone";
				TVOS_DEPLOYMENT_TARGET = 15.2;
			};
			name = Debug;
		};
		3A52350327DA686D00C8CD76 /* Release */ = {
			isa = XCBuildConfiguration;
			buildSettings = {
				ALWAYS_SEARCH_USER_PATHS = NO;
				CLANG_ANALYZER_NONNULL = YES;
				CLANG_ANALYZER_NUMBER_OBJECT_CONVERSION = YES_AGGRESSIVE;
				CLANG_CXX_LANGUAGE_STANDARD = "gnu++17";
				CLANG_CXX_LIBRARY = "libc++";
				CLANG_ENABLE_MODULES = YES;
				CLANG_ENABLE_OBJC_ARC = YES;
				CLANG_ENABLE_OBJC_WEAK = YES;
				CLANG_WARN_BLOCK_CAPTURE_AUTORELEASING = YES;
				CLANG_WARN_BOOL_CONVERSION = YES;
				CLANG_WARN_COMMA = YES;
				CLANG_WARN_CONSTANT_CONVERSION = YES;
				CLANG_WARN_DEPRECATED_OBJC_IMPLEMENTATIONS = YES;
				CLANG_WARN_DIRECT_OBJC_ISA_USAGE = YES_ERROR;
				CLANG_WARN_DOCUMENTATION_COMMENTS = YES;
				CLANG_WARN_EMPTY_BODY = YES;
				CLANG_WARN_ENUM_CONVERSION = YES;
				CLANG_WARN_INFINITE_RECURSION = YES;
				CLANG_WARN_INT_CONVERSION = YES;
				CLANG_WARN_NON_LITERAL_NULL_CONVERSION = YES;
				CLANG_WARN_OBJC_IMPLICIT_RETAIN_SELF = YES;
				CLANG_WARN_OBJC_LITERAL_CONVERSION = YES;
				CLANG_WARN_OBJC_ROOT_CLASS = YES_ERROR;
				CLANG_WARN_QUOTED_INCLUDE_IN_FRAMEWORK_HEADER = YES;
				CLANG_WARN_RANGE_LOOP_ANALYSIS = YES;
				CLANG_WARN_STRICT_PROTOTYPES = YES;
				CLANG_WARN_SUSPICIOUS_MOVE = YES;
				CLANG_WARN_UNGUARDED_AVAILABILITY = YES_AGGRESSIVE;
				CLANG_WARN_UNREACHABLE_CODE = YES;
				CLANG_WARN__DUPLICATE_METHOD_MATCH = YES;
				COPY_PHASE_STRIP = NO;
				DEBUG_INFORMATION_FORMAT = "dwarf-with-dsym";
				ENABLE_NS_ASSERTIONS = NO;
				ENABLE_STRICT_OBJC_MSGSEND = YES;
				"FRAMEWORK_SEARCH_PATHS[arch=*]" = "";
				GCC_C_LANGUAGE_STANDARD = gnu11;
				GCC_NO_COMMON_BLOCKS = YES;
				GCC_WARN_64_TO_32_BIT_CONVERSION = YES;
				GCC_WARN_ABOUT_RETURN_TYPE = YES_ERROR;
				GCC_WARN_UNDECLARED_SELECTOR = YES;
				GCC_WARN_UNINITIALIZED_AUTOS = YES_AGGRESSIVE;
				GCC_WARN_UNUSED_FUNCTION = YES;
				GCC_WARN_UNUSED_VARIABLE = YES;
				MTL_ENABLE_DEBUG_INFO = NO;
				MTL_FAST_MATH = YES;
				SDKROOT = appletvos;
				SWIFT_COMPILATION_MODE = wholemodule;
				SWIFT_OPTIMIZATION_LEVEL = "-O";
				TVOS_DEPLOYMENT_TARGET = 15.2;
				VALIDATE_PRODUCT = YES;
			};
			name = Release;
		};
		3A84FFBB27DCAF48006DB613 /* Debug */ = {
			isa = XCBuildConfiguration;
			buildSettings = {
				ASSETCATALOG_COMPILER_APPICON_NAME = "App Icon & Top Shelf Image";
				ASSETCATALOG_COMPILER_GLOBAL_ACCENT_COLOR_NAME = AccentColor;
				CODE_SIGN_STYLE = Automatic;
				CURRENT_PROJECT_VERSION = 1;
				DEVELOPMENT_ASSET_PATHS = "\"tvOS/Preview Content\"";
				DEVELOPMENT_TEAM = N8AA4S3S96;
				ENABLE_PREVIEWS = YES;
				GENERATE_INFOPLIST_FILE = YES;
				INFOPLIST_KEY_UILaunchScreen_Generation = YES;
				INFOPLIST_KEY_UIUserInterfaceStyle = Automatic;
				LD_RUNPATH_SEARCH_PATHS = (
					"$(inherited)",
					"@executable_path/Frameworks",
				);
				MARKETING_VERSION = 1.0;
				PRODUCT_BUNDLE_IDENTIFIER = io.rfk.test.tvos;
				PRODUCT_NAME = "$(TARGET_NAME)";
				SWIFT_EMIT_LOC_STRINGS = YES;
				SWIFT_VERSION = 5.0;
				TARGETED_DEVICE_FAMILY = 3;
			};
			name = Debug;
		};
		3A84FFBC27DCAF48006DB613 /* Release */ = {
			isa = XCBuildConfiguration;
			buildSettings = {
				ASSETCATALOG_COMPILER_APPICON_NAME = "App Icon & Top Shelf Image";
				ASSETCATALOG_COMPILER_GLOBAL_ACCENT_COLOR_NAME = AccentColor;
				CODE_SIGN_STYLE = Automatic;
				CURRENT_PROJECT_VERSION = 1;
				DEVELOPMENT_ASSET_PATHS = "\"tvOS/Preview Content\"";
				DEVELOPMENT_TEAM = N8AA4S3S96;
				ENABLE_PREVIEWS = YES;
				GENERATE_INFOPLIST_FILE = YES;
				INFOPLIST_KEY_UILaunchScreen_Generation = YES;
				INFOPLIST_KEY_UIUserInterfaceStyle = Automatic;
				LD_RUNPATH_SEARCH_PATHS = (
					"$(inherited)",
					"@executable_path/Frameworks",
				);
				MARKETING_VERSION = 1.0;
				PRODUCT_BUNDLE_IDENTIFIER = io.rfk.test.tvos;
				PRODUCT_NAME = "$(TARGET_NAME)";
				SWIFT_EMIT_LOC_STRINGS = YES;
				SWIFT_VERSION = 5.0;
				TARGETED_DEVICE_FAMILY = 3;
			};
			name = Release;
		};
		3A84FFDF27DCAF6E006DB613 /* Debug */ = {
			isa = XCBuildConfiguration;
			buildSettings = {
				ASSETCATALOG_COMPILER_APPICON_NAME = AppIcon;
				ASSETCATALOG_COMPILER_GLOBAL_ACCENT_COLOR_NAME = AccentColor;
				CODE_SIGN_STYLE = Automatic;
				CURRENT_PROJECT_VERSION = 1;
				DEVELOPMENT_ASSET_PATHS = "\"iOS/Preview Content\"";
				DEVELOPMENT_TEAM = N8AA4S3S96;
				ENABLE_PREVIEWS = YES;
				GENERATE_INFOPLIST_FILE = YES;
				INFOPLIST_KEY_UIApplicationSceneManifest_Generation = YES;
				INFOPLIST_KEY_UIApplicationSupportsIndirectInputEvents = YES;
				INFOPLIST_KEY_UILaunchScreen_Generation = YES;
				INFOPLIST_KEY_UISupportedInterfaceOrientations_iPad = "UIInterfaceOrientationPortrait UIInterfaceOrientationPortraitUpsideDown UIInterfaceOrientationLandscapeLeft UIInterfaceOrientationLandscapeRight";
				INFOPLIST_KEY_UISupportedInterfaceOrientations_iPhone = "UIInterfaceOrientationPortrait UIInterfaceOrientationLandscapeLeft UIInterfaceOrientationLandscapeRight";
				IPHONEOS_DEPLOYMENT_TARGET = 15.2;
				LD_RUNPATH_SEARCH_PATHS = (
					"$(inherited)",
					"@executable_path/Frameworks",
				);
				MARKETING_VERSION = 1.0;
				PRODUCT_BUNDLE_IDENTIFIER = io.rfk.test.ios;
				PRODUCT_NAME = "$(TARGET_NAME)";
				SDKROOT = iphoneos;
				SWIFT_EMIT_LOC_STRINGS = YES;
				SWIFT_VERSION = 5.0;
				TARGETED_DEVICE_FAMILY = "1,2";
			};
			name = Debug;
		};
		3A84FFE027DCAF6E006DB613 /* Release */ = {
			isa = XCBuildConfiguration;
			buildSettings = {
				ASSETCATALOG_COMPILER_APPICON_NAME = AppIcon;
				ASSETCATALOG_COMPILER_GLOBAL_ACCENT_COLOR_NAME = AccentColor;
				CODE_SIGN_STYLE = Automatic;
				CURRENT_PROJECT_VERSION = 1;
				DEVELOPMENT_ASSET_PATHS = "\"iOS/Preview Content\"";
				DEVELOPMENT_TEAM = N8AA4S3S96;
				ENABLE_PREVIEWS = YES;
				GENERATE_INFOPLIST_FILE = YES;
				INFOPLIST_KEY_UIApplicationSceneManifest_Generation = YES;
				INFOPLIST_KEY_UIApplicationSupportsIndirectInputEvents = YES;
				INFOPLIST_KEY_UILaunchScreen_Generation = YES;
				INFOPLIST_KEY_UISupportedInterfaceOrientations_iPad = "UIInterfaceOrientationPortrait UIInterfaceOrientationPortraitUpsideDown UIInterfaceOrientationLandscapeLeft UIInterfaceOrientationLandscapeRight";
				INFOPLIST_KEY_UISupportedInterfaceOrientations_iPhone = "UIInterfaceOrientationPortrait UIInterfaceOrientationLandscapeLeft UIInterfaceOrientationLandscapeRight";
				IPHONEOS_DEPLOYMENT_TARGET = 15.2;
				LD_RUNPATH_SEARCH_PATHS = (
					"$(inherited)",
					"@executable_path/Frameworks",
				);
				MARKETING_VERSION = 1.0;
				PRODUCT_BUNDLE_IDENTIFIER = io.rfk.test.ios;
				PRODUCT_NAME = "$(TARGET_NAME)";
				SDKROOT = iphoneos;
				SWIFT_EMIT_LOC_STRINGS = YES;
				SWIFT_VERSION = 5.0;
				TARGETED_DEVICE_FAMILY = "1,2";
			};
			name = Release;
		};
/* End XCBuildConfiguration section */

/* Begin XCConfigurationList section */
		3A5234DB27DA686C00C8CD76 /* Build configuration list for PBXProject "test" */ = {
			isa = XCConfigurationList;
			buildConfigurations = (
				3A52350227DA686D00C8CD76 /* Debug */,
				3A52350327DA686D00C8CD76 /* Release */,
			);
			defaultConfigurationIsVisible = 0;
			defaultConfigurationName = Release;
		};
		3A84FFBA27DCAF48006DB613 /* Build configuration list for PBXNativeTarget "tvOS" */ = {
			isa = XCConfigurationList;
			buildConfigurations = (
				3A84FFBB27DCAF48006DB613 /* Debug */,
				3A84FFBC27DCAF48006DB613 /* Release */,
			);
			defaultConfigurationIsVisible = 0;
			defaultConfigurationName = Release;
		};
		3A84FFDE27DCAF6E006DB613 /* Build configuration list for PBXNativeTarget "iOS" */ = {
			isa = XCConfigurationList;
			buildConfigurations = (
				3A84FFDF27DCAF6E006DB613 /* Debug */,
				3A84FFE027DCAF6E006DB613 /* Release */,
			);
			defaultConfigurationIsVisible = 0;
			defaultConfigurationName = Release;
		};
/* End XCConfigurationList section */

/* Begin XCRemoteSwiftPackageReference section */
		3AB9AF3927DCB62F00E3314E /* XCRemoteSwiftPackageReference "SwiftUIX" */ = {
			isa = XCRemoteSwiftPackageReference;
			repositoryURL = "https://github.com/SwiftUIX/SwiftUIX";
			requirement = {
				kind = upToNextMajorVersion;
				minimumVersion = 0.1.1;
			};
		};
/* End XCRemoteSwiftPackageReference section */

/* Begin XCSwiftPackageProductDependency section */
		3AB9AF3A27DCB62F00E3314E /* SwiftUIX */ = {
			isa = XCSwiftPackageProductDependency;
			package = 3AB9AF3927DCB62F00E3314E /* XCRemoteSwiftPackageReference "SwiftUIX" */;
			productName = SwiftUIX;
		};
		3AB9AF4027DCB97700E3314E /* SwiftUIX */ = {
			isa = XCSwiftPackageProductDependency;
			package = 3AB9AF3927DCB62F00E3314E /* XCRemoteSwiftPackageReference "SwiftUIX" */;
			productName = SwiftUIX;
		};
/* End XCSwiftPackageProductDependency section */
	};
	rootObject = 3A5234D827DA686C00C8CD76 /* Project object */;
}
